// !$*UTF8*$!
{
	archiveVersion = 1;
	classes = {
	};
	objectVersion = 50;
	objects = {

/* Begin PBXBuildFile section */
		9366150B21C1D893005C3A04 /* AppDelegate.m in Sources */ = {isa = PBXBuildFile; fileRef = 9366150A21C1D893005C3A04 /* AppDelegate.m */; };
		9366150E21C1D893005C3A04 /* ViewController.m in Sources */ = {isa = PBXBuildFile; fileRef = 9366150D21C1D893005C3A04 /* ViewController.m */; };
		9366151121C1D893005C3A04 /* Main.storyboard in Resources */ = {isa = PBXBuildFile; fileRef = 9366150F21C1D893005C3A04 /* Main.storyboard */; };
		9366151321C1D894005C3A04 /* Assets.xcassets in Resources */ = {isa = PBXBuildFile; fileRef = 9366151221C1D894005C3A04 /* Assets.xcassets */; };
		9366151621C1D894005C3A04 /* LaunchScreen.storyboard in Resources */ = {isa = PBXBuildFile; fileRef = 9366151421C1D894005C3A04 /* LaunchScreen.storyboard */; };
		9366151921C1D894005C3A04 /* main.m in Sources */ = {isa = PBXBuildFile; fileRef = 9366151821C1D894005C3A04 /* main.m */; };
		9366152321C1D894005C3A04 /* DemoTest_GitTests.m in Sources */ = {isa = PBXBuildFile; fileRef = 9366152221C1D894005C3A04 /* DemoTest_GitTests.m */; };
/* End PBXBuildFile section */

/* Begin PBXContainerItemProxy section */
		9366151F21C1D894005C3A04 /* PBXContainerItemProxy */ = {
			isa = PBXContainerItemProxy;
			containerPortal = 936614FE21C1D893005C3A04 /* Project object */;
			proxyType = 1;
			remoteGlobalIDString = 9366150521C1D893005C3A04;
			remoteInfo = DemoTest_Git;
		};
/* End PBXContainerItemProxy section */

/* Begin PBXFileReference section */
		9366150621C1D893005C3A04 /* DemoTest_Git.app */ = {isa = PBXFileReference; explicitFileType = wrapper.application; includeInIndex = 0; path = DemoTest_Git.app; sourceTree = BUILT_PRODUCTS_DIR; };
		9366150921C1D893005C3A04 /* AppDelegate.h */ = {isa = PBXFileReference; lastKnownFileType = sourcecode.c.h; path = AppDelegate.h; sourceTree = "<group>"; };
		9366150A21C1D893005C3A04 /* AppDelegate.m */ = {isa = PBXFileReference; lastKnownFileType = sourcecode.c.objc; path = AppDelegate.m; sourceTree = "<group>"; };
		9366150C21C1D893005C3A04 /* ViewController.h */ = {isa = PBXFileReference; lastKnownFileType = sourcecode.c.h; path = ViewController.h; sourceTree = "<group>"; };
		9366150D21C1D893005C3A04 /* ViewController.m */ = {isa = PBXFileReference; lastKnownFileType = sourcecode.c.objc; path = ViewController.m; sourceTree = "<group>"; };
		9366151021C1D893005C3A04 /* Base */ = {isa = PBXFileReference; lastKnownFileType = file.storyboard; name = Base; path = Base.lproj/Main.storyboard; sourceTree = "<group>"; };
		9366151221C1D894005C3A04 /* Assets.xcassets */ = {isa = PBXFileReference; lastKnownFileType = folder.assetcatalog; path = Assets.xcassets; sourceTree = "<group>"; };
		9366151521C1D894005C3A04 /* Base */ = {isa = PBXFileReference; lastKnownFileType = file.storyboard; name = Base; path = Base.lproj/LaunchScreen.storyboard; sourceTree = "<group>"; };
		9366151721C1D894005C3A04 /* Info.plist */ = {isa = PBXFileReference; lastKnownFileType = text.plist.xml; path = Info.plist; sourceTree = "<group>"; };
		9366151821C1D894005C3A04 /* main.m */ = {isa = PBXFileReference; lastKnownFileType = sourcecode.c.objc; path = main.m; sourceTree = "<group>"; };
		9366151E21C1D894005C3A04 /* DemoTest_GitTests.xctest */ = {isa = PBXFileReference; explicitFileType = wrapper.cfbundle; includeInIndex = 0; path = DemoTest_GitTests.xctest; sourceTree = BUILT_PRODUCTS_DIR; };
		9366152221C1D894005C3A04 /* DemoTest_GitTests.m */ = {isa = PBXFileReference; lastKnownFileType = sourcecode.c.objc; path = DemoTest_GitTests.m; sourceTree = "<group>"; };
		9366152421C1D894005C3A04 /* Info.plist */ = {isa = PBXFileReference; lastKnownFileType = text.plist.xml; path = Info.plist; sourceTree = "<group>"; };
/* End PBXFileReference section */

/* Begin PBXFrameworksBuildPhase section */
		9366150321C1D893005C3A04 /* Frameworks */ = {
			isa = PBXFrameworksBuildPhase;
			buildActionMask = 2147483647;
			files = (
			);
			runOnlyForDeploymentPostprocessing = 0;
		};
		9366151B21C1D894005C3A04 /* Frameworks */ = {
			isa = PBXFrameworksBuildPhase;
			buildActionMask = 2147483647;
			files = (
			);
			runOnlyForDeploymentPostprocessing = 0;
		};
/* End PBXFrameworksBuildPhase section */

/* Begin PBXGroup section */
		936614FD21C1D893005C3A04 = {
			isa = PBXGroup;
			children = (
				9366150821C1D893005C3A04 /* DemoTest_Git */,
				9366152121C1D894005C3A04 /* DemoTest_GitTests */,
				9366150721C1D893005C3A04 /* Products */,
			);
			sourceTree = "<group>";
		};
		9366150721C1D893005C3A04 /* Products */ = {
			isa = PBXGroup;
			children = (
				9366150621C1D893005C3A04 /* DemoTest_Git.app */,
				9366151E21C1D894005C3A04 /* DemoTest_GitTests.xctest */,
			);
			name = Products;
			sourceTree = "<group>";
		};
		9366150821C1D893005C3A04 /* DemoTest_Git */ = {
			isa = PBXGroup;
			children = (
				9366150921C1D893005C3A04 /* AppDelegate.h */,
				9366150A21C1D893005C3A04 /* AppDelegate.m */,
				9366150C21C1D893005C3A04 /* ViewController.h */,
				9366150D21C1D893005C3A04 /* ViewController.m */,
				9366150F21C1D893005C3A04 /* Main.storyboard */,
				9366151221C1D894005C3A04 /* Assets.xcassets */,
				9366151421C1D894005C3A04 /* LaunchScreen.storyboard */,
				9366151721C1D894005C3A04 /* Info.plist */,
				9366151821C1D894005C3A04 /* main.m */,
			);
			path = DemoTest_Git;
			sourceTree = "<group>";
		};
		9366152121C1D894005C3A04 /* DemoTest_GitTests */ = {
			isa = PBXGroup;
			children = (
				9366152221C1D894005C3A04 /* DemoTest_GitTests.m */,
				9366152421C1D894005C3A04 /* Info.plist */,
			);
			path = DemoTest_GitTests;
			sourceTree = "<group>";
		};
/* End PBXGroup section */

/* Begin PBXNativeTarget section */
		9366150521C1D893005C3A04 /* DemoTest_Git */ = {
			isa = PBXNativeTarget;
			buildConfigurationList = 9366152721C1D894005C3A04 /* Build configuration list for PBXNativeTarget "DemoTest_Git" */;
			buildPhases = (
				9366150221C1D893005C3A04 /* Sources */,
				9366150321C1D893005C3A04 /* Frameworks */,
				9366150421C1D893005C3A04 /* Resources */,
			);
			buildRules = (
			);
			dependencies = (
			);
			name = DemoTest_Git;
			productName = DemoTest_Git;
			productReference = 9366150621C1D893005C3A04 /* DemoTest_Git.app */;
			productType = "com.apple.product-type.application";
		};
		9366151D21C1D894005C3A04 /* DemoTest_GitTests */ = {
			isa = PBXNativeTarget;
			buildConfigurationList = 9366152A21C1D894005C3A04 /* Build configuration list for PBXNativeTarget "DemoTest_GitTests" */;
			buildPhases = (
				9366151A21C1D894005C3A04 /* Sources */,
				9366151B21C1D894005C3A04 /* Frameworks */,
				9366151C21C1D894005C3A04 /* Resources */,
			);
			buildRules = (
			);
			dependencies = (
				9366152021C1D894005C3A04 /* PBXTargetDependency */,
			);
			name = DemoTest_GitTests;
			productName = DemoTest_GitTests;
			productReference = 9366151E21C1D894005C3A04 /* DemoTest_GitTests.xctest */;
			productType = "com.apple.product-type.bundle.unit-test";
		};
/* End PBXNativeTarget section */

/* Begin PBXProject section */
		936614FE21C1D893005C3A04 /* Project object */ = {
			isa = PBXProject;
			attributes = {
				LastUpgradeCheck = 1010;
				ORGANIZATIONNAME = "Zennia Sandhu";
				TargetAttributes = {
					9366150521C1D893005C3A04 = {
						CreatedOnToolsVersion = 10.1;
					};
					9366151D21C1D894005C3A04 = {
						CreatedOnToolsVersion = 10.1;
						TestTargetID = 9366150521C1D893005C3A04;
					};
				};
			};
			buildConfigurationList = 9366150121C1D893005C3A04 /* Build configuration list for PBXProject "DemoTest_Git" */;
			compatibilityVersion = "Xcode 9.3";
			developmentRegion = en;
			hasScannedForEncodings = 0;
			knownRegions = (
				en,
				Base,
			);
			mainGroup = 936614FD21C1D893005C3A04;
			productRefGroup = 9366150721C1D893005C3A04 /* Products */;
			projectDirPath = "";
			projectRoot = "";
			targets = (
				9366150521C1D893005C3A04 /* DemoTest_Git */,
				9366151D21C1D894005C3A04 /* DemoTest_GitTests */,
			);
		};
/* End PBXProject section */

/* Begin PBXResourcesBuildPhase section */
		9366150421C1D893005C3A04 /* Resources */ = {
			isa = PBXResourcesBuildPhase;
			buildActionMask = 2147483647;
			files = (
				9366151621C1D894005C3A04 /* LaunchScreen.storyboard in Resources */,
				9366151321C1D894005C3A04 /* Assets.xcassets in Resources */,
				9366151121C1D893005C3A04 /* Main.storyboard in Resources */,
			);
			runOnlyForDeploymentPostprocessing = 0;
		};
		9366151C21C1D894005C3A04 /* Resources */ = {
			isa = PBXResourcesBuildPhase;
			buildActionMask = 2147483647;
			files = (
			);
			runOnlyForDeploymentPostprocessing = 0;
		};
/* End PBXResourcesBuildPhase section */

/* Begin PBXSourcesBuildPhase section */
		9366150221C1D893005C3A04 /* Sources */ = {
			isa = PBXSourcesBuildPhase;
			buildActionMask = 2147483647;
			files = (
				9366150E21C1D893005C3A04 /* ViewController.m in Sources */,
				9366151921C1D894005C3A04 /* main.m in Sources */,
				9366150B21C1D893005C3A04 /* AppDelegate.m in Sources */,
			);
			runOnlyForDeploymentPostprocessing = 0;
		};
		9366151A21C1D894005C3A04 /* Sources */ = {
			isa = PBXSourcesBuildPhase;
			buildActionMask = 2147483647;
			files = (
				9366152321C1D894005C3A04 /* DemoTest_GitTests.m in Sources */,
			);
			runOnlyForDeploymentPostprocessing = 0;
		};
/* End PBXSourcesBuildPhase section */

/* Begin PBXTargetDependency section */
		9366152021C1D894005C3A04 /* PBXTargetDependency */ = {
			isa = PBXTargetDependency;
			target = 9366150521C1D893005C3A04 /* DemoTest_Git */;
			targetProxy = 9366151F21C1D894005C3A04 /* PBXContainerItemProxy */;
		};
/* End PBXTargetDependency section */

/* Begin PBXVariantGroup section */
		9366150F21C1D893005C3A04 /* Main.storyboard */ = {
			isa = PBXVariantGroup;
			children = (
				9366151021C1D893005C3A04 /* Base */,
			);
			name = Main.storyboard;
			sourceTree = "<group>";
		};
		9366151421C1D894005C3A04 /* LaunchScreen.storyboard */ = {
			isa = PBXVariantGroup;
			children = (
				9366151521C1D894005C3A04 /* Base */,
			);
			name = LaunchScreen.storyboard;
			sourceTree = "<group>";
		};
/* End PBXVariantGroup section */

/* Begin XCBuildConfiguration section */
		9366152521C1D894005C3A04 /* Debug */ = {
			isa = XCBuildConfiguration;
			buildSettings = {
				ALWAYS_SEARCH_USER_PATHS = NO;
				CLANG_ANALYZER_NONNULL = YES;
				CLANG_ANALYZER_NUMBER_OBJECT_CONVERSION = YES_AGGRESSIVE;
				CLANG_CXX_LANGUAGE_STANDARD = "gnu++14";
				CLANG_CXX_LIBRARY = "libc++";
				CLANG_ENABLE_MODULES = YES;
				CLANG_ENABLE_OBJC_ARC = YES;
				CLANG_ENABLE_OBJC_WEAK = YES;
				CLANG_WARN_BLOCK_CAPTURE_AUTORELEASING = YES;
				CLANG_WARN_BOOL_CONVERSION = YES;
				CLANG_WARN_COMMA = YES;
				CLANG_WARN_CONSTANT_CONVERSION = YES;
				CLANG_WARN_DEPRECATED_OBJC_IMPLEMENTATIONS = YES;
				CLANG_WARN_DIRECT_OBJC_ISA_USAGE = YES_ERROR;
				CLANG_WARN_DOCUMENTATION_COMMENTS = YES;
				CLANG_WARN_EMPTY_BODY = YES;
				CLANG_WARN_ENUM_CONVERSION = YES;
				CLANG_WARN_INFINITE_RECURSION = YES;
				CLANG_WARN_INT_CONVERSION = YES;
				CLANG_WARN_NON_LITERAL_NULL_CONVERSION = YES;
				CLANG_WARN_OBJC_IMPLICIT_RETAIN_SELF = YES;
				CLANG_WARN_OBJC_LITERAL_CONVERSION = YES;
				CLANG_WARN_OBJC_ROOT_CLASS = YES_ERROR;
				CLANG_WARN_RANGE_LOOP_ANALYSIS = YES;
				CLANG_WARN_STRICT_PROTOTYPES = YES;
				CLANG_WARN_SUSPICIOUS_MOVE = YES;
				CLANG_WARN_UNGUARDED_AVAILABILITY = YES_AGGRESSIVE;
				CLANG_WARN_UNREACHABLE_CODE = YES;
				CLANG_WARN__DUPLICATE_METHOD_MATCH = YES;
				CODE_SIGN_IDENTITY = "iPhone Developer";
				COPY_PHASE_STRIP = NO;
				DEBUG_INFORMATION_FORMAT = dwarf;
				ENABLE_STRICT_OBJC_MSGSEND = YES;
				ENABLE_TESTABILITY = YES;
				GCC_C_LANGUAGE_STANDARD = gnu11;
				GCC_DYNAMIC_NO_PIC = NO;
				GCC_NO_COMMON_BLOCKS = YES;
				GCC_OPTIMIZATION_LEVEL = 0;
				GCC_PREPROCESSOR_DEFINITIONS = (
					"DEBUG=1",
					"$(inherited)",
				);
				GCC_WARN_64_TO_32_BIT_CONVERSION = YES;
				GCC_WARN_ABOUT_RETURN_TYPE = YES_ERROR;
				GCC_WARN_UNDECLARED_SELECTOR = YES;
				GCC_WARN_UNINITIALIZED_AUTOS = YES_AGGRESSIVE;
				GCC_WARN_UNUSED_FUNCTION = YES;
				GCC_WARN_UNUSED_VARIABLE = YES;
				IPHONEOS_DEPLOYMENT_TARGET = 12.1;
				MTL_ENABLE_DEBUG_INFO = INCLUDE_SOURCE;
				MTL_FAST_MATH = YES;
				ONLY_ACTIVE_ARCH = YES;
				SDKROOT = iphoneos;
			};
			name = Debug;
		};
		9366152621C1D894005C3A04 /* Release */ = {
			isa = XCBuildConfiguration;
			buildSettings = {
				ALWAYS_SEARCH_USER_PATHS = NO;
				CLANG_ANALYZER_NONNULL = YES;
				CLANG_ANALYZER_NUMBER_OBJECT_CONVERSION = YES_AGGRESSIVE;
				CLANG_CXX_LANGUAGE_STANDARD = "gnu++14";
				CLANG_CXX_LIBRARY = "libc++";
				CLANG_ENABLE_MODULES = YES;
				CLANG_ENABLE_OBJC_ARC = YES;
				CLANG_ENABLE_OBJC_WEAK = YES;
				CLANG_WARN_BLOCK_CAPTURE_AUTORELEASING = YES;
				CLANG_WARN_BOOL_CONVERSION = YES;
				CLANG_WARN_COMMA = YES;
				CLANG_WARN_CONSTANT_CONVERSION = YES;
				CLANG_WARN_DEPRECATED_OBJC_IMPLEMENTATIONS = YES;
				CLANG_WARN_DIRECT_OBJC_ISA_USAGE = YES_ERROR;
				CLANG_WARN_DOCUMENTATION_COMMENTS = YES;
				CLANG_WARN_EMPTY_BODY = YES;
				CLANG_WARN_ENUM_CONVERSION = YES;
				CLANG_WARN_INFINITE_RECURSION = YES;
				CLANG_WARN_INT_CONVERSION = YES;
				CLANG_WARN_NON_LITERAL_NULL_CONVERSION = YES;
				CLANG_WARN_OBJC_IMPLICIT_RETAIN_SELF = YES;
				CLANG_WARN_OBJC_LITERAL_CONVERSION = YES;
				CLANG_WARN_OBJC_ROOT_CLASS = YES_ERROR;
				CLANG_WARN_RANGE_LOOP_ANALYSIS = YES;
				CLANG_WARN_STRICT_PROTOTYPES = YES;
				CLANG_WARN_SUSPICIOUS_MOVE = YES;
				CLANG_WARN_UNGUARDED_AVAILABILITY = YES_AGGRESSIVE;
				CLANG_WARN_UNREACHABLE_CODE = YES;
				CLANG_WARN__DUPLICATE_METHOD_MATCH = YES;
				CODE_SIGN_IDENTITY = "iPhone Developer";
				COPY_PHASE_STRIP = NO;
				DEBUG_INFORMATION_FORMAT = "dwarf-with-dsym";
				ENABLE_NS_ASSERTIONS = NO;
				ENABLE_STRICT_OBJC_MSGSEND = YES;
				GCC_C_LANGUAGE_STANDARD = gnu11;
				GCC_NO_COMMON_BLOCKS = YES;
				GCC_WARN_64_TO_32_BIT_CONVERSION = YES;
				GCC_WARN_ABOUT_RETURN_TYPE = YES_ERROR;
				GCC_WARN_UNDECLARED_SELECTOR = YES;
				GCC_WARN_UNINITIALIZED_AUTOS = YES_AGGRESSIVE;
				GCC_WARN_UNUSED_FUNCTION = YES;
				GCC_WARN_UNUSED_VARIABLE = YES;
				IPHONEOS_DEPLOYMENT_TARGET = 12.1;
				MTL_ENABLE_DEBUG_INFO = NO;
				MTL_FAST_MATH = YES;
				SDKROOT = iphoneos;
				VALIDATE_PRODUCT = YES;
			};
			name = Release;
		};
		9366152821C1D894005C3A04 /* Debug */ = {
			isa = XCBuildConfiguration;
			buildSettings = {
				ASSETCATALOG_COMPILER_APPICON_NAME = AppIcon;
				CODE_SIGN_STYLE = Automatic;
				INFOPLIST_FILE = DemoTest_Git/Info.plist;
				LD_RUNPATH_SEARCH_PATHS = (
					"$(inherited)",
					"@executable_path/Frameworks",
				);
				PRODUCT_BUNDLE_IDENTIFIER = "com.zennia.DemoTest-Git";
				PRODUCT_NAME = "$(TARGET_NAME)";
				TARGETED_DEVICE_FAMILY = "1,2";
			};
			name = Debug;
		};
		9366152921C1D894005C3A04 /* Release */ = {
			isa = XCBuildConfiguration;
			buildSettings = {
				ASSETCATALOG_COMPILER_APPICON_NAME = AppIcon;
				CODE_SIGN_STYLE = Automatic;
				INFOPLIST_FILE = DemoTest_Git/Info.plist;
				LD_RUNPATH_SEARCH_PATHS = (
					"$(inherited)",
					"@executable_path/Frameworks",
				);
				PRODUCT_BUNDLE_IDENTIFIER = "com.zennia.DemoTest-Git";
				PRODUCT_NAME = "$(TARGET_NAME)";
				TARGETED_DEVICE_FAMILY = "1,2";
			};
			name = Release;
		};
		9366152B21C1D894005C3A04 /* Debug */ = {
			isa = XCBuildConfiguration;
			buildSettings = {
				BUNDLE_LOADER = "$(TEST_HOST)";
				CODE_SIGN_STYLE = Automatic;
				INFOPLIST_FILE = DemoTest_GitTests/Info.plist;
				LD_RUNPATH_SEARCH_PATHS = (
					"$(inherited)",
					"@executable_path/Frameworks",
					"@loader_path/Frameworks",
				);
				PRODUCT_BUNDLE_IDENTIFIER = "com.zennia.DemoTest-GitTests";
				PRODUCT_NAME = "$(TARGET_NAME)";
				TARGETED_DEVICE_FAMILY = "1,2";
				TEST_HOST = "$(BUILT_PRODUCTS_DIR)/DemoTest_Git.app/DemoTest_Git";
			};
			name = Debug;
		};
		9366152C21C1D894005C3A04 /* Release */ = {
			isa = XCBuildConfiguration;
			buildSettings = {
				BUNDLE_LOADER = "$(TEST_HOST)";
				CODE_SIGN_STYLE = Automatic;
				INFOPLIST_FILE = DemoTest_GitTests/Info.plist;
				LD_RUNPATH_SEARCH_PATHS = (
					"$(inherited)",
					"@executable_path/Frameworks",
					"@loader_path/Frameworks",
				);
				PRODUCT_BUNDLE_IDENTIFIER = "com.zennia.DemoTest-GitTests";
				PRODUCT_NAME = "$(TARGET_NAME)";
				TARGETED_DEVICE_FAMILY = "1,2";
				TEST_HOST = "$(BUILT_PRODUCTS_DIR)/DemoTest_Git.app/DemoTest_Git";
			};
			name = Release;
		};
/* End XCBuildConfiguration section */

/* Begin XCConfigurationList section */
		9366150121C1D893005C3A04 /* Build configuration list for PBXProject "DemoTest_Git" */ = {
			isa = XCConfigurationList;
			buildConfigurations = (
				9366152521C1D894005C3A04 /* Debug */,
				9366152621C1D894005C3A04 /* Release */,
			);
			defaultConfigurationIsVisible = 0;
			defaultConfigurationName = Release;
		};
		9366152721C1D894005C3A04 /* Build configuration list for PBXNativeTarget "DemoTest_Git" */ = {
			isa = XCConfigurationList;
			buildConfigurations = (
				9366152821C1D894005C3A04 /* Debug */,
				9366152921C1D894005C3A04 /* Release */,
			);
			defaultConfigurationIsVisible = 0;
			defaultConfigurationName = Release;
		};
		9366152A21C1D894005C3A04 /* Build configuration list for PBXNativeTarget "DemoTest_GitTests" */ = {
			isa = XCConfigurationList;
			buildConfigurations = (
				9366152B21C1D894005C3A04 /* Debug */,
				9366152C21C1D894005C3A04 /* Release */,
			);
			defaultConfigurationIsVisible = 0;
			defaultConfigurationName = Release;
		};
/* End XCConfigurationList section */
	};
	rootObject = 936614FE21C1D893005C3A04 /* Project object */;
}
